
Microsoft Visual Studio Solution File, Format Version 12.00
# Visual Studio Version 16
VisualStudioVersion = 16.0.31911.196
MinimumVisualStudioVersion = 10.0.40219.1
Project("{FAE04EC0-301F-11D3-BF4B-00C04F79EFBC}") = "MiswGame2008", "MiswGame2008.csproj", "{72E7BFD8-70D1-42B8-9DE5-87AE46AC31CB}"
EndProject
Global
	GlobalSection(SolutionConfigurationPlatforms) = preSolution
		Debug|Any CPU = Debug|Any CPU
		Release|Any CPU = Release|Any CPU
	EndGlobalSection
	GlobalSection(ProjectConfigurationPlatforms) = postSolution
		{72E7BFD8-70D1-42B8-9DE5-87AE46AC31CB}.Debug|Any CPU.ActiveCfg = Debug|Any CPU
		{72E7BFD8-70D1-42B8-9DE5-87AE46AC31CB}.Debug|Any CPU.Build.0 = Debug|Any CPU
		{72E7BFD8-70D1-42B8-9DE5-87AE46AC31CB}.Release|Any CPU.ActiveCfg = Release|Any CPU
		{72E7BFD8-70D1-42B8-9DE5-87AE46AC31CB}.Release|Any CPU.Build.0 = Release|Any CPU
	EndGlobalSection
	GlobalSection(SolutionProperties) = preSolution
		HideSolutionNode = FALSE
	EndGlobalSection
	GlobalSection(ExtensibilityGlobals) = postSolution
		SolutionGuid = {0AE96AC6-66FD-489E-AE79-F08268FB84A0}
	EndGlobalSection
EndGlobal
